// !$*UTF8*$!
{
	archiveVersion = 1;
	classes = {
	};
	objectVersion = 46;
	objects = {

/* Begin PBXBuildFile section */
		167A54A262A14FEE9685E118 /* libPods.a in Frameworks */ = {isa = PBXBuildFile; fileRef = D15C9AD76F614EA9841B61DA /* libPods.a */; };
		D4687AEE1925202F00DB6761 /* Foundation.framework in Frameworks */ = {isa = PBXBuildFile; fileRef = D4687AED1925202F00DB6761 /* Foundation.framework */; };
		D4687AF01925202F00DB6761 /* CoreGraphics.framework in Frameworks */ = {isa = PBXBuildFile; fileRef = D4687AEF1925202F00DB6761 /* CoreGraphics.framework */; };
		D4687AF21925202F00DB6761 /* UIKit.framework in Frameworks */ = {isa = PBXBuildFile; fileRef = D4687AF11925202F00DB6761 /* UIKit.framework */; };
		D4687AF81925202F00DB6761 /* InfoPlist.strings in Resources */ = {isa = PBXBuildFile; fileRef = D4687AF61925202F00DB6761 /* InfoPlist.strings */; };
		D4687AFA1925202F00DB6761 /* main.m in Sources */ = {isa = PBXBuildFile; fileRef = D4687AF91925202F00DB6761 /* main.m */; };
		D4687AFE1925202F00DB6761 /* PCFAppDelegate.m in Sources */ = {isa = PBXBuildFile; fileRef = D4687AFD1925202F00DB6761 /* PCFAppDelegate.m */; };
		D4687B011925202F00DB6761 /* Main.storyboard in Resources */ = {isa = PBXBuildFile; fileRef = D4687AFF1925202F00DB6761 /* Main.storyboard */; };
		D4687B041925202F00DB6761 /* PCFViewController.m in Sources */ = {isa = PBXBuildFile; fileRef = D4687B031925202F00DB6761 /* PCFViewController.m */; };
		D4687B061925202F00DB6761 /* Images.xcassets in Resources */ = {isa = PBXBuildFile; fileRef = D4687B051925202F00DB6761 /* Images.xcassets */; };
		D4687B0D1925203000DB6761 /* XCTest.framework in Frameworks */ = {isa = PBXBuildFile; fileRef = D4687B0C1925203000DB6761 /* XCTest.framework */; };
		D4687B0E1925203000DB6761 /* Foundation.framework in Frameworks */ = {isa = PBXBuildFile; fileRef = D4687AED1925202F00DB6761 /* Foundation.framework */; };
		D4687B0F1925203000DB6761 /* UIKit.framework in Frameworks */ = {isa = PBXBuildFile; fileRef = D4687AF11925202F00DB6761 /* UIKit.framework */; };
		D4687B171925203000DB6761 /* InfoPlist.strings in Resources */ = {isa = PBXBuildFile; fileRef = D4687B151925203000DB6761 /* InfoPlist.strings */; };
		D4687B191925203000DB6761 /* OAuth2Client2Tests.m in Sources */ = {isa = PBXBuildFile; fileRef = D4687B181925203000DB6761 /* OAuth2Client2Tests.m */; };
/* End PBXBuildFile section */

/* Begin PBXContainerItemProxy section */
		D4687B101925203000DB6761 /* PBXContainerItemProxy */ = {
			isa = PBXContainerItemProxy;
			containerPortal = D4687AE21925202F00DB6761 /* Project object */;
			proxyType = 1;
			remoteGlobalIDString = D4687AE91925202F00DB6761;
			remoteInfo = OAuth2Client2;
		};
/* End PBXContainerItemProxy section */

/* Begin PBXFileReference section */
		0251BCCD73DC4C8688CD4531 /* Pods.xcconfig */ = {isa = PBXFileReference; includeInIndex = 1; lastKnownFileType = text.xcconfig; name = Pods.xcconfig; path = Pods/Pods.xcconfig; sourceTree = "<group>"; };
		D15C9AD76F614EA9841B61DA /* libPods.a */ = {isa = PBXFileReference; explicitFileType = archive.ar; includeInIndex = 0; path = libPods.a; sourceTree = BUILT_PRODUCTS_DIR; };
		D4687AEA1925202F00DB6761 /* OAuth2Client2.app */ = {isa = PBXFileReference; explicitFileType = wrapper.application; includeInIndex = 0; path = OAuth2Client2.app; sourceTree = BUILT_PRODUCTS_DIR; };
		D4687AED1925202F00DB6761 /* Foundation.framework */ = {isa = PBXFileReference; lastKnownFileType = wrapper.framework; name = Foundation.framework; path = System/Library/Frameworks/Foundation.framework; sourceTree = SDKROOT; };
		D4687AEF1925202F00DB6761 /* CoreGraphics.framework */ = {isa = PBXFileReference; lastKnownFileType = wrapper.framework; name = CoreGraphics.framework; path = System/Library/Frameworks/CoreGraphics.framework; sourceTree = SDKROOT; };
		D4687AF11925202F00DB6761 /* UIKit.framework */ = {isa = PBXFileReference; lastKnownFileType = wrapper.framework; name = UIKit.framework; path = System/Library/Frameworks/UIKit.framework; sourceTree = SDKROOT; };
		D4687AF51925202F00DB6761 /* OAuth2Client2-Info.plist */ = {isa = PBXFileReference; lastKnownFileType = text.plist.xml; path = "OAuth2Client2-Info.plist"; sourceTree = "<group>"; };
		D4687AF71925202F00DB6761 /* en */ = {isa = PBXFileReference; lastKnownFileType = text.plist.strings; name = en; path = en.lproj/InfoPlist.strings; sourceTree = "<group>"; };
		D4687AF91925202F00DB6761 /* main.m */ = {isa = PBXFileReference; lastKnownFileType = sourcecode.c.objc; path = main.m; sourceTree = "<group>"; };
		D4687AFB1925202F00DB6761 /* OAuth2Client2-Prefix.pch */ = {isa = PBXFileReference; lastKnownFileType = sourcecode.c.h; path = "OAuth2Client2-Prefix.pch"; sourceTree = "<group>"; };
		D4687AFC1925202F00DB6761 /* PCFAppDelegate.h */ = {isa = PBXFileReference; lastKnownFileType = sourcecode.c.h; path = PCFAppDelegate.h; sourceTree = "<group>"; };
		D4687AFD1925202F00DB6761 /* PCFAppDelegate.m */ = {isa = PBXFileReference; lastKnownFileType = sourcecode.c.objc; path = PCFAppDelegate.m; sourceTree = "<group>"; };
		D4687B001925202F00DB6761 /* Base */ = {isa = PBXFileReference; lastKnownFileType = file.storyboard; name = Base; path = Base.lproj/Main.storyboard; sourceTree = "<group>"; };
		D4687B021925202F00DB6761 /* PCFViewController.h */ = {isa = PBXFileReference; lastKnownFileType = sourcecode.c.h; path = PCFViewController.h; sourceTree = "<group>"; };
		D4687B031925202F00DB6761 /* PCFViewController.m */ = {isa = PBXFileReference; lastKnownFileType = sourcecode.c.objc; path = PCFViewController.m; sourceTree = "<group>"; };
		D4687B051925202F00DB6761 /* Images.xcassets */ = {isa = PBXFileReference; lastKnownFileType = folder.assetcatalog; path = Images.xcassets; sourceTree = "<group>"; };
		D4687B0B1925203000DB6761 /* OAuth2Client2Tests.xctest */ = {isa = PBXFileReference; explicitFileType = wrapper.cfbundle; includeInIndex = 0; path = OAuth2Client2Tests.xctest; sourceTree = BUILT_PRODUCTS_DIR; };
		D4687B0C1925203000DB6761 /* XCTest.framework */ = {isa = PBXFileReference; lastKnownFileType = wrapper.framework; name = XCTest.framework; path = Library/Frameworks/XCTest.framework; sourceTree = DEVELOPER_DIR; };
		D4687B141925203000DB6761 /* OAuth2Client2Tests-Info.plist */ = {isa = PBXFileReference; lastKnownFileType = text.plist.xml; path = "OAuth2Client2Tests-Info.plist"; sourceTree = "<group>"; };
		D4687B161925203000DB6761 /* en */ = {isa = PBXFileReference; lastKnownFileType = text.plist.strings; name = en; path = en.lproj/InfoPlist.strings; sourceTree = "<group>"; };
		D4687B181925203000DB6761 /* OAuth2Client2Tests.m */ = {isa = PBXFileReference; lastKnownFileType = sourcecode.c.objc; path = OAuth2Client2Tests.m; sourceTree = "<group>"; };
/* End PBXFileReference section */

/* Begin PBXFrameworksBuildPhase section */
		D4687AE71925202F00DB6761 /* Frameworks */ = {
			isa = PBXFrameworksBuildPhase;
			buildActionMask = 2147483647;
			files = (
				D4687AF01925202F00DB6761 /* CoreGraphics.framework in Frameworks */,
				D4687AF21925202F00DB6761 /* UIKit.framework in Frameworks */,
				D4687AEE1925202F00DB6761 /* Foundation.framework in Frameworks */,
				167A54A262A14FEE9685E118 /* libPods.a in Frameworks */,
			);
			runOnlyForDeploymentPostprocessing = 0;
		};
		D4687B081925203000DB6761 /* Frameworks */ = {
			isa = PBXFrameworksBuildPhase;
			buildActionMask = 2147483647;
			files = (
				D4687B0D1925203000DB6761 /* XCTest.framework in Frameworks */,
				D4687B0F1925203000DB6761 /* UIKit.framework in Frameworks */,
				D4687B0E1925203000DB6761 /* Foundation.framework in Frameworks */,
			);
			runOnlyForDeploymentPostprocessing = 0;
		};
/* End PBXFrameworksBuildPhase section */

/* Begin PBXGroup section */
		D4687AE11925202F00DB6761 = {
			isa = PBXGroup;
			children = (
				D4687AF31925202F00DB6761 /* OAuth2Client2 */,
				D4687B121925203000DB6761 /* OAuth2Client2Tests */,
				D4687AEC1925202F00DB6761 /* Frameworks */,
				D4687AEB1925202F00DB6761 /* Products */,
				0251BCCD73DC4C8688CD4531 /* Pods.xcconfig */,
			);
			sourceTree = "<group>";
		};
		D4687AEB1925202F00DB6761 /* Products */ = {
			isa = PBXGroup;
			children = (
				D4687AEA1925202F00DB6761 /* OAuth2Client2.app */,
				D4687B0B1925203000DB6761 /* OAuth2Client2Tests.xctest */,
			);
			name = Products;
			sourceTree = "<group>";
		};
		D4687AEC1925202F00DB6761 /* Frameworks */ = {
			isa = PBXGroup;
			children = (
				D4687AED1925202F00DB6761 /* Foundation.framework */,
				D4687AEF1925202F00DB6761 /* CoreGraphics.framework */,
				D4687AF11925202F00DB6761 /* UIKit.framework */,
				D4687B0C1925203000DB6761 /* XCTest.framework */,
				D15C9AD76F614EA9841B61DA /* libPods.a */,
			);
			name = Frameworks;
			sourceTree = "<group>";
		};
		D4687AF31925202F00DB6761 /* OAuth2Client2 */ = {
			isa = PBXGroup;
			children = (
				D4687AFC1925202F00DB6761 /* PCFAppDelegate.h */,
				D4687AFD1925202F00DB6761 /* PCFAppDelegate.m */,
				D4687AFF1925202F00DB6761 /* Main.storyboard */,
				D4687B021925202F00DB6761 /* PCFViewController.h */,
				D4687B031925202F00DB6761 /* PCFViewController.m */,
				D4687B051925202F00DB6761 /* Images.xcassets */,
				D4687AF41925202F00DB6761 /* Supporting Files */,
			);
			path = OAuth2Client2;
			sourceTree = "<group>";
		};
		D4687AF41925202F00DB6761 /* Supporting Files */ = {
			isa = PBXGroup;
			children = (
				D4687AF51925202F00DB6761 /* OAuth2Client2-Info.plist */,
				D4687AF61925202F00DB6761 /* InfoPlist.strings */,
				D4687AF91925202F00DB6761 /* main.m */,
				D4687AFB1925202F00DB6761 /* OAuth2Client2-Prefix.pch */,
			);
			name = "Supporting Files";
			sourceTree = "<group>";
		};
		D4687B121925203000DB6761 /* OAuth2Client2Tests */ = {
			isa = PBXGroup;
			children = (
				D4687B181925203000DB6761 /* OAuth2Client2Tests.m */,
				D4687B131925203000DB6761 /* Supporting Files */,
			);
			path = OAuth2Client2Tests;
			sourceTree = "<group>";
		};
		D4687B131925203000DB6761 /* Supporting Files */ = {
			isa = PBXGroup;
			children = (
				D4687B141925203000DB6761 /* OAuth2Client2Tests-Info.plist */,
				D4687B151925203000DB6761 /* InfoPlist.strings */,
			);
			name = "Supporting Files";
			sourceTree = "<group>";
		};
/* End PBXGroup section */

/* Begin PBXNativeTarget section */
		D4687AE91925202F00DB6761 /* OAuth2Client2 */ = {
			isa = PBXNativeTarget;
			buildConfigurationList = D4687B1C1925203000DB6761 /* Build configuration list for PBXNativeTarget "OAuth2Client2" */;
			buildPhases = (
				C7353856739A48ADBBDC2CA0 /* Check Pods Manifest.lock */,
				D4687AE61925202F00DB6761 /* Sources */,
				D4687AE71925202F00DB6761 /* Frameworks */,
				D4687AE81925202F00DB6761 /* Resources */,
				4AADB2B8C99843F58823A8E4 /* Copy Pods Resources */,
			);
			buildRules = (
			);
			dependencies = (
			);
			name = OAuth2Client2;
			productName = OAuth2Client2;
			productReference = D4687AEA1925202F00DB6761 /* OAuth2Client2.app */;
			productType = "com.apple.product-type.application";
		};
		D4687B0A1925203000DB6761 /* OAuth2Client2Tests */ = {
			isa = PBXNativeTarget;
			buildConfigurationList = D4687B1F1925203000DB6761 /* Build configuration list for PBXNativeTarget "OAuth2Client2Tests" */;
			buildPhases = (
				D4687B071925203000DB6761 /* Sources */,
				D4687B081925203000DB6761 /* Frameworks */,
				D4687B091925203000DB6761 /* Resources */,
			);
			buildRules = (
			);
			dependencies = (
				D4687B111925203000DB6761 /* PBXTargetDependency */,
			);
			name = OAuth2Client2Tests;
			productName = OAuth2Client2Tests;
			productReference = D4687B0B1925203000DB6761 /* OAuth2Client2Tests.xctest */;
			productType = "com.apple.product-type.bundle.unit-test";
		};
/* End PBXNativeTarget section */

/* Begin PBXProject section */
		D4687AE21925202F00DB6761 /* Project object */ = {
			isa = PBXProject;
			attributes = {
				CLASSPREFIX = PCF;
				LastUpgradeCheck = 0510;
				ORGANIZATIONNAME = Pivotal;
				TargetAttributes = {
					D4687B0A1925203000DB6761 = {
						TestTargetID = D4687AE91925202F00DB6761;
					};
				};
			};
			buildConfigurationList = D4687AE51925202F00DB6761 /* Build configuration list for PBXProject "OAuth2Client2" */;
			compatibilityVersion = "Xcode 3.2";
			developmentRegion = English;
			hasScannedForEncodings = 0;
			knownRegions = (
				en,
				Base,
			);
			mainGroup = D4687AE11925202F00DB6761;
			productRefGroup = D4687AEB1925202F00DB6761 /* Products */;
			projectDirPath = "";
			projectRoot = "";
			targets = (
				D4687AE91925202F00DB6761 /* OAuth2Client2 */,
				D4687B0A1925203000DB6761 /* OAuth2Client2Tests */,
			);
		};
/* End PBXProject section */

/* Begin PBXResourcesBuildPhase section */
		D4687AE81925202F00DB6761 /* Resources */ = {
			isa = PBXResourcesBuildPhase;
			buildActionMask = 2147483647;
			files = (
				D4687B061925202F00DB6761 /* Images.xcassets in Resources */,
				D4687AF81925202F00DB6761 /* InfoPlist.strings in Resources */,
				D4687B011925202F00DB6761 /* Main.storyboard in Resources */,
			);
			runOnlyForDeploymentPostprocessing = 0;
		};
		D4687B091925203000DB6761 /* Resources */ = {
			isa = PBXResourcesBuildPhase;
			buildActionMask = 2147483647;
			files = (
				D4687B171925203000DB6761 /* InfoPlist.strings in Resources */,
			);
			runOnlyForDeploymentPostprocessing = 0;
		};
/* End PBXResourcesBuildPhase section */

/* Begin PBXShellScriptBuildPhase section */
		4AADB2B8C99843F58823A8E4 /* Copy Pods Resources */ = {
			isa = PBXShellScriptBuildPhase;
			buildActionMask = 2147483647;
			files = (
			);
			inputPaths = (
			);
			name = "Copy Pods Resources";
			outputPaths = (
			);
			runOnlyForDeploymentPostprocessing = 0;
			shellPath = /bin/sh;
			shellScript = "\"${SRCROOT}/Pods/Pods-resources.sh\"\n";
			showEnvVarsInLog = 0;
		};
		C7353856739A48ADBBDC2CA0 /* Check Pods Manifest.lock */ = {
			isa = PBXShellScriptBuildPhase;
			buildActionMask = 2147483647;
			files = (
			);
			inputPaths = (
			);
			name = "Check Pods Manifest.lock";
			outputPaths = (
			);
			runOnlyForDeploymentPostprocessing = 0;
			shellPath = /bin/sh;
			shellScript = "diff \"${PODS_ROOT}/../Podfile.lock\" \"${PODS_ROOT}/Manifest.lock\" > /dev/null\nif [[ $? != 0 ]] ; then\n    cat << EOM\nerror: The sandbox is not in sync with the Podfile.lock. Run 'pod install' or update your CocoaPods installation.\nEOM\n    exit 1\nfi\n";
			showEnvVarsInLog = 0;
		};
/* End PBXShellScriptBuildPhase section */

/* Begin PBXSourcesBuildPhase section */
		D4687AE61925202F00DB6761 /* Sources */ = {
			isa = PBXSourcesBuildPhase;
			buildActionMask = 2147483647;
			files = (
				D4687B041925202F00DB6761 /* PCFViewController.m in Sources */,
				D4687AFE1925202F00DB6761 /* PCFAppDelegate.m in Sources */,
				D4687AFA1925202F00DB6761 /* main.m in Sources */,
			);
			runOnlyForDeploymentPostprocessing = 0;
		};
		D4687B071925203000DB6761 /* Sources */ = {
			isa = PBXSourcesBuildPhase;
			buildActionMask = 2147483647;
			files = (
				D4687B191925203000DB6761 /* OAuth2Client2Tests.m in Sources */,
			);
			runOnlyForDeploymentPostprocessing = 0;
		};
/* End PBXSourcesBuildPhase section */

/* Begin PBXTargetDependency section */
		D4687B111925203000DB6761 /* PBXTargetDependency */ = {
			isa = PBXTargetDependency;
			target = D4687AE91925202F00DB6761 /* OAuth2Client2 */;
			targetProxy = D4687B101925203000DB6761 /* PBXContainerItemProxy */;
		};
/* End PBXTargetDependency section */

/* Begin PBXVariantGroup section */
		D4687AF61925202F00DB6761 /* InfoPlist.strings */ = {
			isa = PBXVariantGroup;
			children = (
				D4687AF71925202F00DB6761 /* en */,
			);
			name = InfoPlist.strings;
			sourceTree = "<group>";
		};
		D4687AFF1925202F00DB6761 /* Main.storyboard */ = {
			isa = PBXVariantGroup;
			children = (
				D4687B001925202F00DB6761 /* Base */,
			);
			name = Main.storyboard;
			sourceTree = "<group>";
		};
		D4687B151925203000DB6761 /* InfoPlist.strings */ = {
			isa = PBXVariantGroup;
			children = (
				D4687B161925203000DB6761 /* en */,
			);
			name = InfoPlist.strings;
			sourceTree = "<group>";
		};
/* End PBXVariantGroup section */

/* Begin XCBuildConfiguration section */
		D4687B1A1925203000DB6761 /* Debug */ = {
			isa = XCBuildConfiguration;
			buildSettings = {
				ALWAYS_SEARCH_USER_PATHS = NO;
				CLANG_CXX_LANGUAGE_STANDARD = "gnu++0x";
				CLANG_CXX_LIBRARY = "libc++";
				CLANG_ENABLE_MODULES = YES;
				CLANG_ENABLE_OBJC_ARC = YES;
				CLANG_WARN_BOOL_CONVERSION = YES;
				CLANG_WARN_CONSTANT_CONVERSION = YES;
				CLANG_WARN_DIRECT_OBJC_ISA_USAGE = YES_ERROR;
				CLANG_WARN_EMPTY_BODY = YES;
				CLANG_WARN_ENUM_CONVERSION = YES;
				CLANG_WARN_INT_CONVERSION = YES;
				CLANG_WARN_OBJC_ROOT_CLASS = YES_ERROR;
				CLANG_WARN__DUPLICATE_METHOD_MATCH = YES;
				"CODE_SIGN_IDENTITY[sdk=iphoneos*]" = "iPhone Developer";
				COPY_PHASE_STRIP = NO;
				GCC_C_LANGUAGE_STANDARD = gnu99;
				GCC_DYNAMIC_NO_PIC = NO;
				GCC_OPTIMIZATION_LEVEL = 0;
				GCC_PREPROCESSOR_DEFINITIONS = (
					"DEBUG=1",
					"$(inherited)",
				);
				GCC_SYMBOLS_PRIVATE_EXTERN = NO;
				GCC_WARN_64_TO_32_BIT_CONVERSION = YES;
				GCC_WARN_ABOUT_RETURN_TYPE = YES_ERROR;
				GCC_WARN_UNDECLARED_SELECTOR = YES;
				GCC_WARN_UNINITIALIZED_AUTOS = YES_AGGRESSIVE;
				GCC_WARN_UNUSED_FUNCTION = YES;
				GCC_WARN_UNUSED_VARIABLE = YES;
				IPHONEOS_DEPLOYMENT_TARGET = 7.1;
				ONLY_ACTIVE_ARCH = YES;
				SDKROOT = iphoneos;
			};
			name = Debug;
		};
		D4687B1B1925203000DB6761 /* Release */ = {
			isa = XCBuildConfiguration;
			buildSettings = {
				ALWAYS_SEARCH_USER_PATHS = NO;
				CLANG_CXX_LANGUAGE_STANDARD = "gnu++0x";
				CLANG_CXX_LIBRARY = "libc++";
				CLANG_ENABLE_MODULES = YES;
				CLANG_ENABLE_OBJC_ARC = YES;
				CLANG_WARN_BOOL_CONVERSION = YES;
				CLANG_WARN_CONSTANT_CONVERSION = YES;
				CLANG_WARN_DIRECT_OBJC_ISA_USAGE = YES_ERROR;
				CLANG_WARN_EMPTY_BODY = YES;
				CLANG_WARN_ENUM_CONVERSION = YES;
				CLANG_WARN_INT_CONVERSION = YES;
				CLANG_WARN_OBJC_ROOT_CLASS = YES_ERROR;
				CLANG_WARN__DUPLICATE_METHOD_MATCH = YES;
				"CODE_SIGN_IDENTITY[sdk=iphoneos*]" = "iPhone Developer";
				COPY_PHASE_STRIP = YES;
				ENABLE_NS_ASSERTIONS = NO;
				GCC_C_LANGUAGE_STANDARD = gnu99;
				GCC_WARN_64_TO_32_BIT_CONVERSION = YES;
				GCC_WARN_ABOUT_RETURN_TYPE = YES_ERROR;
				GCC_WARN_UNDECLARED_SELECTOR = YES;
				GCC_WARN_UNINITIALIZED_AUTOS = YES_AGGRESSIVE;
				GCC_WARN_UNUSED_FUNCTION = YES;
				GCC_WARN_UNUSED_VARIABLE = YES;
				IPHONEOS_DEPLOYMENT_TARGET = 7.1;
				SDKROOT = iphoneos;
				VALIDATE_PRODUCT = YES;
			};
			name = Release;
		};
		D4687B1D1925203000DB6761 /* Debug */ = {
			isa = XCBuildConfiguration;
			baseConfigurationReference = 0251BCCD73DC4C8688CD4531 /* Pods.xcconfig */;
			buildSettings = {
				ASSETCATALOG_COMPILER_APPICON_NAME = AppIcon;
				ASSETCATALOG_COMPILER_LAUNCHIMAGE_NAME = LaunchImage;
				GCC_PRECOMPILE_PREFIX_HEADER = YES;
				GCC_PREFIX_HEADER = "OAuth2Client2/OAuth2Client2-Prefix.pch";
				INFOPLIST_FILE = "OAuth2Client2/OAuth2Client2-Info.plist";
				PRODUCT_NAME = "$(TARGET_NAME)";
				WRAPPER_EXTENSION = app;
			};
			name = Debug;
		};
		D4687B1E1925203000DB6761 /* Release */ = {
			isa = XCBuildConfiguration;
			baseConfigurationReference = 0251BCCD73DC4C8688CD4531 /* Pods.xcconfig */;
			buildSettings = {
				ASSETCATALOG_COMPILER_APPICON_NAME = AppIcon;
				ASSETCATALOG_COMPILER_LAUNCHIMAGE_NAME = LaunchImage;
				GCC_PRECOMPILE_PREFIX_HEADER = YES;
				GCC_PREFIX_HEADER = "OAuth2Client2/OAuth2Client2-Prefix.pch";
				INFOPLIST_FILE = "OAuth2Client2/OAuth2Client2-Info.plist";
				PRODUCT_NAME = "$(TARGET_NAME)";
				WRAPPER_EXTENSION = app;
			};
			name = Release;
		};
		D4687B201925203000DB6761 /* Debug */ = {
			isa = XCBuildConfiguration;
			buildSettings = {
				BUNDLE_LOADER = "$(BUILT_PRODUCTS_DIR)/OAuth2Client2.app/OAuth2Client2";
				FRAMEWORK_SEARCH_PATHS = (
					"$(SDKROOT)/Developer/Library/Frameworks",
					"$(inherited)",
					"$(DEVELOPER_FRAMEWORKS_DIR)",
				);
				GCC_PRECOMPILE_PREFIX_HEADER = YES;
				GCC_PREFIX_HEADER = "OAuth2Client2/OAuth2Client2-Prefix.pch";
				GCC_PREPROCESSOR_DEFINITIONS = (
					"DEBUG=1",
					"$(inherited)",
				);
				INFOPLIST_FILE = "OAuth2Client2Tests/OAuth2Client2Tests-Info.plist";
				PRODUCT_NAME = "$(TARGET_NAME)";
				TEST_HOST = "$(BUNDLE_LOADER)";
				WRAPPER_EXTENSION = xctest;
			};
			name = Debug;
		};
		D4687B211925203000DB6761 /* Release */ = {
			isa = XCBuildConfiguration;
			buildSettings = {
				BUNDLE_LOADER = "$(BUILT_PRODUCTS_DIR)/OAuth2Client2.app/OAuth2Client2";
				FRAMEWORK_SEARCH_PATHS = (
					"$(SDKROOT)/Developer/Library/Frameworks",
					"$(inherited)",
					"$(DEVELOPER_FRAMEWORKS_DIR)",
				);
				GCC_PRECOMPILE_PREFIX_HEADER = YES;
				GCC_PREFIX_HEADER = "OAuth2Client2/OAuth2Client2-Prefix.pch";
				INFOPLIST_FILE = "OAuth2Client2Tests/OAuth2Client2Tests-Info.plist";
				PRODUCT_NAME = "$(TARGET_NAME)";
				TEST_HOST = "$(BUNDLE_LOADER)";
				WRAPPER_EXTENSION = xctest;
			};
			name = Release;
		};
/* End XCBuildConfiguration section */

/* Begin XCConfigurationList section */
		D4687AE51925202F00DB6761 /* Build configuration list for PBXProject "OAuth2Client2" */ = {
			isa = XCConfigurationList;
			buildConfigurations = (
				D4687B1A1925203000DB6761 /* Debug */,
				D4687B1B1925203000DB6761 /* Release */,
			);
			defaultConfigurationIsVisible = 0;
			defaultConfigurationName = Release;
		};
		D4687B1C1925203000DB6761 /* Build configuration list for PBXNativeTarget "OAuth2Client2" */ = {
			isa = XCConfigurationList;
			buildConfigurations = (
				D4687B1D1925203000DB6761 /* Debug */,
				D4687B1E1925203000DB6761 /* Release */,
			);
			defaultConfigurationIsVisible = 0;
			defaultConfigurationName = Release;
		};
		D4687B1F1925203000DB6761 /* Build configuration list for PBXNativeTarget "OAuth2Client2Tests" */ = {
			isa = XCConfigurationList;
			buildConfigurations = (
				D4687B201925203000DB6761 /* Debug */,
				D4687B211925203000DB6761 /* Release */,
			);
			defaultConfigurationIsVisible = 0;
			defaultConfigurationName = Release;
		};
/* End XCConfigurationList section */
	};
	rootObject = D4687AE21925202F00DB6761 /* Project object */;
}
